
Microsoft Visual Studio Solution File, Format Version 12.00
# Visual Studio 15
VisualStudioVersion = 15.0.27703.2035
MinimumVisualStudioVersion = 10.0.40219.1
Project("{8BC9CEB8-8B4A-11D0-8D11-00A0C91BC942}") = "huffman", "huffman\huffman.vcxproj", "{984A9EE5-4422-44AE-9B33-E463648CFF0F}"
EndProject
Project("{8BC9CEB8-8B4A-11D0-8D11-00A0C91BC942}") = "lz", "lz\lz.vcxproj", "{DE6F649A-12FC-471D-B536-8CC905B9FE20}"
EndProject
Project("{8BC9CEB8-8B4A-11D0-8D11-00A0C91BC942}") = "huffmanTest", "huffmanTest\huffmanTest.vcxproj", "{FAB43376-3322-4F33-A06B-1FDC0F50B9E7}"
EndProject
Global
	GlobalSection(SolutionConfigurationPlatforms) = preSolution
		Debug|x64 = Debug|x64
		Debug|x86 = Debug|x86
		Release|x64 = Release|x64
		Release|x86 = Release|x86
	EndGlobalSection
	GlobalSection(ProjectConfigurationPlatforms) = postSolution
		{984A9EE5-4422-44AE-9B33-E463648CFF0F}.Debug|x64.ActiveCfg = Debug|x64
		{984A9EE5-4422-44AE-9B33-E463648CFF0F}.Debug|x64.Build.0 = Debug|x64
		{984A9EE5-4422-44AE-9B33-E463648CFF0F}.Debug|x86.ActiveCfg = Debug|Win32
		{984A9EE5-4422-44AE-9B33-E463648CFF0F}.Debug|x86.Build.0 = Debug|Win32
		{984A9EE5-4422-44AE-9B33-E463648CFF0F}.Release|x64.ActiveCfg = Release|x64
		{984A9EE5-4422-44AE-9B33-E463648CFF0F}.Release|x64.Build.0 = Release|x64
		{984A9EE5-4422-44AE-9B33-E463648CFF0F}.Release|x86.ActiveCfg = Release|Win32
		{984A9EE5-4422-44AE-9B33-E463648CFF0F}.Release|x86.Build.0 = Release|Win32
		{DE6F649A-12FC-471D-B536-8CC905B9FE20}.Debug|x64.ActiveCfg = Debug|x64
		{DE6F649A-12FC-471D-B536-8CC905B9FE20}.Debug|x64.Build.0 = Debug|x64
		{DE6F649A-12FC-471D-B536-8CC905B9FE20}.Debug|x86.ActiveCfg = Debug|Win32
		{DE6F649A-12FC-471D-B536-8CC905B9FE20}.Debug|x86.Build.0 = Debug|Win32
		{DE6F649A-12FC-471D-B536-8CC905B9FE20}.Release|x64.ActiveCfg = Release|x64
		{DE6F649A-12FC-471D-B536-8CC905B9FE20}.Release|x64.Build.0 = Release|x64
		{DE6F649A-12FC-471D-B536-8CC905B9FE20}.Release|x86.ActiveCfg = Release|Win32
		{DE6F649A-12FC-471D-B536-8CC905B9FE20}.Release|x86.Build.0 = Release|Win32
		{FAB43376-3322-4F33-A06B-1FDC0F50B9E7}.Debug|x64.ActiveCfg = Debug|x64
		{FAB43376-3322-4F33-A06B-1FDC0F50B9E7}.Debug|x64.Build.0 = Debug|x64
		{FAB43376-3322-4F33-A06B-1FDC0F50B9E7}.Debug|x86.ActiveCfg = Debug|Win32
		{FAB43376-3322-4F33-A06B-1FDC0F50B9E7}.Debug|x86.Build.0 = Debug|Win32
		{FAB43376-3322-4F33-A06B-1FDC0F50B9E7}.Release|x64.ActiveCfg = Release|x64
		{FAB43376-3322-4F33-A06B-1FDC0F50B9E7}.Release|x64.Build.0 = Release|x64
		{FAB43376-3322-4F33-A06B-1FDC0F50B9E7}.Release|x86.ActiveCfg = Release|Win32
		{FAB43376-3322-4F33-A06B-1FDC0F50B9E7}.Release|x86.Build.0 = Release|Win32
	EndGlobalSection
	GlobalSection(SolutionProperties) = preSolution
		HideSolutionNode = FALSE
	EndGlobalSection
	GlobalSection(ExtensibilityGlobals) = postSolution
		SolutionGuid = {EFEA6196-EB33-43C1-919F-FB190C5BE9AB}
	EndGlobalSection
EndGlobal
